
Microsoft Visual Studio Solution File, Format Version 12.00
# Visual Studio Version 17
VisualStudioVersion = 17.11.35222.181
MinimumVisualStudioVersion = 10.0.40219.1
Project("{FAE04EC0-301F-11D3-BF4B-00C04F79EFBC}") = "EcoWatt.API", "EcoWatt.API\EcoWatt.API.csproj", "{13744322-F7FA-4B14-A844-9F5F73E64A24}"
EndProject
Project("{FAE04EC0-301F-11D3-BF4B-00C04F79EFBC}") = "EcoWatt.Tests", "EcoWatt.Tests\EcoWatt.Tests.csproj", "{00A9290C-0502-4A2F-A62A-A3489694B951}"
EndProject
Global
	GlobalSection(SolutionConfigurationPlatforms) = preSolution
		Debug|Any CPU = Debug|Any CPU
		Release|Any CPU = Release|Any CPU
	EndGlobalSection
	GlobalSection(ProjectConfigurationPlatforms) = postSolution
		{13744322-F7FA-4B14-A844-9F5F73E64A24}.Debug|Any CPU.ActiveCfg = Debug|Any CPU
		{13744322-F7FA-4B14-A844-9F5F73E64A24}.Debug|Any CPU.Build.0 = Debug|Any CPU
		{13744322-F7FA-4B14-A844-9F5F73E64A24}.Release|Any CPU.ActiveCfg = Release|Any CPU
		{13744322-F7FA-4B14-A844-9F5F73E64A24}.Release|Any CPU.Build.0 = Release|Any CPU
		{00A9290C-0502-4A2F-A62A-A3489694B951}.Debug|Any CPU.ActiveCfg = Debug|Any CPU
		{00A9290C-0502-4A2F-A62A-A3489694B951}.Debug|Any CPU.Build.0 = Debug|Any CPU
		{00A9290C-0502-4A2F-A62A-A3489694B951}.Release|Any CPU.ActiveCfg = Release|Any CPU
		{00A9290C-0502-4A2F-A62A-A3489694B951}.Release|Any CPU.Build.0 = Release|Any CPU
	EndGlobalSection
	GlobalSection(SolutionProperties) = preSolution
		HideSolutionNode = FALSE
	EndGlobalSection
	GlobalSection(ExtensibilityGlobals) = postSolution
		SolutionGuid = {5DD92A99-5AFA-4B73-9419-4EACFE7FABB6}
	EndGlobalSection
EndGlobal
